
Microsoft Visual Studio Solution File, Format Version 12.00
# Visual Studio Version 17
VisualStudioVersion = 17.0.31903.59
MinimumVisualStudioVersion = 10.0.40219.1
Project("{FAE04EC0-301F-11D3-BF4B-00C04F79EFBC}") = "FileManager", "FileManager\FileManager.csproj", "{21613ABE-E1D8-4237-AF71-C1939BD5DE5C}"
EndProject
Project("{FAE04EC0-301F-11D3-BF4B-00C04F79EFBC}") = "UserApi", "UserApi\UserApi.csproj", "{0924D28A-DD94-48C2-A1DA-F002DFADBA42}"
EndProject
Project("{FAE04EC0-301F-11D3-BF4B-00C04F79EFBC}") = "LabApi", "LabApi\LabApi.csproj", "{F3B8A8C5-2087-4096-B8F9-5812E8ABACCA}"
EndProject
Project("{FAE04EC0-301F-11D3-BF4B-00C04F79EFBC}") = "UserTest", "UserTest\UserTest.csproj", "{E650FCE4-910E-4D20-AB2D-B0BBA50B2AFE}"
EndProject
Global
	GlobalSection(SolutionConfigurationPlatforms) = preSolution
		Debug|Any CPU = Debug|Any CPU
		Release|Any CPU = Release|Any CPU
	EndGlobalSection
	GlobalSection(SolutionProperties) = preSolution
		HideSolutionNode = FALSE
	EndGlobalSection
	GlobalSection(ProjectConfigurationPlatforms) = postSolution
		{21613ABE-E1D8-4237-AF71-C1939BD5DE5C}.Debug|Any CPU.ActiveCfg = Debug|Any CPU
		{21613ABE-E1D8-4237-AF71-C1939BD5DE5C}.Debug|Any CPU.Build.0 = Debug|Any CPU
		{21613ABE-E1D8-4237-AF71-C1939BD5DE5C}.Release|Any CPU.ActiveCfg = Release|Any CPU
		{21613ABE-E1D8-4237-AF71-C1939BD5DE5C}.Release|Any CPU.Build.0 = Release|Any CPU
		{0924D28A-DD94-48C2-A1DA-F002DFADBA42}.Debug|Any CPU.ActiveCfg = Debug|Any CPU
		{0924D28A-DD94-48C2-A1DA-F002DFADBA42}.Debug|Any CPU.Build.0 = Debug|Any CPU
		{0924D28A-DD94-48C2-A1DA-F002DFADBA42}.Release|Any CPU.ActiveCfg = Release|Any CPU
		{0924D28A-DD94-48C2-A1DA-F002DFADBA42}.Release|Any CPU.Build.0 = Release|Any CPU
		{F3B8A8C5-2087-4096-B8F9-5812E8ABACCA}.Debug|Any CPU.ActiveCfg = Debug|Any CPU
		{F3B8A8C5-2087-4096-B8F9-5812E8ABACCA}.Debug|Any CPU.Build.0 = Debug|Any CPU
		{F3B8A8C5-2087-4096-B8F9-5812E8ABACCA}.Release|Any CPU.ActiveCfg = Release|Any CPU
		{F3B8A8C5-2087-4096-B8F9-5812E8ABACCA}.Release|Any CPU.Build.0 = Release|Any CPU
		{E650FCE4-910E-4D20-AB2D-B0BBA50B2AFE}.Debug|Any CPU.ActiveCfg = Debug|Any CPU
		{E650FCE4-910E-4D20-AB2D-B0BBA50B2AFE}.Debug|Any CPU.Build.0 = Debug|Any CPU
		{E650FCE4-910E-4D20-AB2D-B0BBA50B2AFE}.Release|Any CPU.ActiveCfg = Release|Any CPU
		{E650FCE4-910E-4D20-AB2D-B0BBA50B2AFE}.Release|Any CPU.Build.0 = Release|Any CPU
	EndGlobalSection
EndGlobal
